
Microsoft Visual Studio Solution File, Format Version 12.00
# Visual Studio 15
VisualStudioVersion = 15.0.28307.1062
MinimumVisualStudioVersion = 10.0.40219.1
Project("{9A19103F-16F7-4668-BE54-9A1E7A4F7556}") = "Library", "Library\Library.csproj", "{4CD8642B-84E9-4AD4-9AAF-D1739F30A686}"
EndProject
Project("{9A19103F-16F7-4668-BE54-9A1E7A4F7556}") = "LibraryData", "LibraryData\LibraryData.csproj", "{146C696C-C379-4D5C-A6CE-E096C485870F}"
EndProject
Project("{9A19103F-16F7-4668-BE54-9A1E7A4F7556}") = "LibraryServices", "LibraryServices\LibraryServices.csproj", "{61DBD138-65A3-406B-8F2E-5FFAB10924E7}"
EndProject
Global
	GlobalSection(SolutionConfigurationPlatforms) = preSolution
		Debug|Any CPU = Debug|Any CPU
		Release|Any CPU = Release|Any CPU
	EndGlobalSection
	GlobalSection(ProjectConfigurationPlatforms) = postSolution
		{4CD8642B-84E9-4AD4-9AAF-D1739F30A686}.Debug|Any CPU.ActiveCfg = Debug|Any CPU
		{4CD8642B-84E9-4AD4-9AAF-D1739F30A686}.Debug|Any CPU.Build.0 = Debug|Any CPU
		{4CD8642B-84E9-4AD4-9AAF-D1739F30A686}.Release|Any CPU.ActiveCfg = Release|Any CPU
		{4CD8642B-84E9-4AD4-9AAF-D1739F30A686}.Release|Any CPU.Build.0 = Release|Any CPU
		{146C696C-C379-4D5C-A6CE-E096C485870F}.Debug|Any CPU.ActiveCfg = Debug|Any CPU
		{146C696C-C379-4D5C-A6CE-E096C485870F}.Debug|Any CPU.Build.0 = Debug|Any CPU
		{146C696C-C379-4D5C-A6CE-E096C485870F}.Release|Any CPU.ActiveCfg = Release|Any CPU
		{146C696C-C379-4D5C-A6CE-E096C485870F}.Release|Any CPU.Build.0 = Release|Any CPU
		{61DBD138-65A3-406B-8F2E-5FFAB10924E7}.Debug|Any CPU.ActiveCfg = Debug|Any CPU
		{61DBD138-65A3-406B-8F2E-5FFAB10924E7}.Debug|Any CPU.Build.0 = Debug|Any CPU
		{61DBD138-65A3-406B-8F2E-5FFAB10924E7}.Release|Any CPU.ActiveCfg = Release|Any CPU
		{61DBD138-65A3-406B-8F2E-5FFAB10924E7}.Release|Any CPU.Build.0 = Release|Any CPU
	EndGlobalSection
	GlobalSection(SolutionProperties) = preSolution
		HideSolutionNode = FALSE
	EndGlobalSection
	GlobalSection(ExtensibilityGlobals) = postSolution
		SolutionGuid = {15487020-8EAA-4198-8587-FC2C10CFADB5}
	EndGlobalSection
EndGlobal
